// !$*UTF8*$!
{
	archiveVersion = 1;
	classes = {
	};
	objectVersion = 50;
	objects = {

/* Begin PBXBuildFile section */
		38B30C66237F2096005DA93F /* AppDelegate.swift in Sources */ = {isa = PBXBuildFile; fileRef = 38B30C65237F2096005DA93F /* AppDelegate.swift */; };
		38B30C68237F2096005DA93F /* SceneDelegate.swift in Sources */ = {isa = PBXBuildFile; fileRef = 38B30C67237F2096005DA93F /* SceneDelegate.swift */; };
		38B30C6A237F2096005DA93F /* ViewController.swift in Sources */ = {isa = PBXBuildFile; fileRef = 38B30C69237F2096005DA93F /* ViewController.swift */; };
		38B30C6D237F2096005DA93F /* Main.storyboard in Resources */ = {isa = PBXBuildFile; fileRef = 38B30C6B237F2096005DA93F /* Main.storyboard */; };
		38B30C6F237F2096005DA93F /* Assets.xcassets in Resources */ = {isa = PBXBuildFile; fileRef = 38B30C6E237F2096005DA93F /* Assets.xcassets */; };
		38B30C72237F2096005DA93F /* LaunchScreen.storyboard in Resources */ = {isa = PBXBuildFile; fileRef = 38B30C70237F2096005DA93F /* LaunchScreen.storyboard */; };
/* End PBXBuildFile section */

/* Begin PBXFileReference section */
		38B30C62237F2096005DA93F /* HobbyTracker_IOSPT4.app */ = {isa = PBXFileReference; explicitFileType = wrapper.application; includeInIndex = 0; path = HobbyTracker_IOSPT4.app; sourceTree = BUILT_PRODUCTS_DIR; };
		38B30C65237F2096005DA93F /* AppDelegate.swift */ = {isa = PBXFileReference; lastKnownFileType = sourcecode.swift; path = AppDelegate.swift; sourceTree = "<group>"; };
		38B30C67237F2096005DA93F /* SceneDelegate.swift */ = {isa = PBXFileReference; lastKnownFileType = sourcecode.swift; path = SceneDelegate.swift; sourceTree = "<group>"; };
		38B30C69237F2096005DA93F /* ViewController.swift */ = {isa = PBXFileReference; lastKnownFileType = sourcecode.swift; path = ViewController.swift; sourceTree = "<group>"; };
		38B30C6C237F2096005DA93F /* Base */ = {isa = PBXFileReference; lastKnownFileType = file.storyboard; name = Base; path = Base.lproj/Main.storyboard; sourceTree = "<group>"; };
		38B30C6E237F2096005DA93F /* Assets.xcassets */ = {isa = PBXFileReference; lastKnownFileType = folder.assetcatalog; path = Assets.xcassets; sourceTree = "<group>"; };
		38B30C71237F2096005DA93F /* Base */ = {isa = PBXFileReference; lastKnownFileType = file.storyboard; name = Base; path = Base.lproj/LaunchScreen.storyboard; sourceTree = "<group>"; };
		38B30C73237F2096005DA93F /* Info.plist */ = {isa = PBXFileReference; lastKnownFileType = text.plist.xml; path = Info.plist; sourceTree = "<group>"; };
/* End PBXFileReference section */

/* Begin PBXFrameworksBuildPhase section */
		38B30C5F237F2096005DA93F /* Frameworks */ = {
			isa = PBXFrameworksBuildPhase;
			buildActionMask = 2147483647;
			files = (
			);
			runOnlyForDeploymentPostprocessing = 0;
		};
/* End PBXFrameworksBuildPhase section */

/* Begin PBXGroup section */
		38B30C59237F2096005DA93F = {
			isa = PBXGroup;
			children = (
				38B30C64237F2096005DA93F /* HobbyTracker_IOSPT4 */,
				38B30C63237F2096005DA93F /* Products */,
			);
			sourceTree = "<group>";
		};
		38B30C63237F2096005DA93F /* Products */ = {
			isa = PBXGroup;
			children = (
				38B30C62237F2096005DA93F /* HobbyTracker_IOSPT4.app */,
			);
			name = Products;
			sourceTree = "<group>";
		};
		38B30C64237F2096005DA93F /* HobbyTracker_IOSPT4 */ = {
			isa = PBXGroup;
			children = (
				38B30C65237F2096005DA93F /* AppDelegate.swift */,
				38B30C67237F2096005DA93F /* SceneDelegate.swift */,
				38B30C69237F2096005DA93F /* ViewController.swift */,
				38B30C6B237F2096005DA93F /* Main.storyboard */,
				38B30C6E237F2096005DA93F /* Assets.xcassets */,
				38B30C70237F2096005DA93F /* LaunchScreen.storyboard */,
				38B30C73237F2096005DA93F /* Info.plist */,
			);
			path = HobbyTracker_IOSPT4;
			sourceTree = "<group>";
		};
/* End PBXGroup section */

/* Begin PBXNativeTarget section */
		38B30C61237F2096005DA93F /* HobbyTracker_IOSPT4 */ = {
			isa = PBXNativeTarget;
			buildConfigurationList = 38B30C76237F2096005DA93F /* Build configuration list for PBXNativeTarget "HobbyTracker_IOSPT4" */;
			buildPhases = (
				38B30C5E237F2096005DA93F /* Sources */,
				38B30C5F237F2096005DA93F /* Frameworks */,
				38B30C60237F2096005DA93F /* Resources */,
			);
			buildRules = (
			);
			dependencies = (
			);
			name = HobbyTracker_IOSPT4;
			productName = HobbyTracker_IOSPT4;
			productReference = 38B30C62237F2096005DA93F /* HobbyTracker_IOSPT4.app */;
			productType = "com.apple.product-type.application";
		};
/* End PBXNativeTarget section */

/* Begin PBXProject section */
		38B30C5A237F2096005DA93F /* Project object */ = {
			isa = PBXProject;
			attributes = {
				LastSwiftUpdateCheck = 1120;
				LastUpgradeCheck = 1120;
				ORGANIZATIONNAME = "david williams";
				TargetAttributes = {
					38B30C61237F2096005DA93F = {
						CreatedOnToolsVersion = 11.2;
					};
				};
			};
			buildConfigurationList = 38B30C5D237F2096005DA93F /* Build configuration list for PBXProject "HobbyTracker_IOSPT4" */;
			compatibilityVersion = "Xcode 9.3";
			developmentRegion = en;
			hasScannedForEncodings = 0;
			knownRegions = (
				en,
				Base,
			);
			mainGroup = 38B30C59237F2096005DA93F;
			productRefGroup = 38B30C63237F2096005DA93F /* Products */;
			projectDirPath = "";
			projectRoot = "";
			targets = (
				38B30C61237F2096005DA93F /* HobbyTracker_IOSPT4 */,
			);
		};
/* End PBXProject section */

/* Begin PBXResourcesBuildPhase section */
		38B30C60237F2096005DA93F /* Resources */ = {
			isa = PBXResourcesBuildPhase;
			buildActionMask = 2147483647;
			files = (
				38B30C72237F2096005DA93F /* LaunchScreen.storyboard in Resources */,
				38B30C6F237F2096005DA93F /* Assets.xcassets in Resources */,
				38B30C6D237F2096005DA93F /* Main.storyboard in Resources */,
			);
			runOnlyForDeploymentPostprocessing = 0;
		};
/* End PBXResourcesBuildPhase section */

/* Begin PBXSourcesBuildPhase section */
		38B30C5E237F2096005DA93F /* Sources */ = {
			isa = PBXSourcesBuildPhase;
			buildActionMask = 2147483647;
			files = (
				38B30C6A237F2096005DA93F /* ViewController.swift in Sources */,
				38B30C66237F2096005DA93F /* AppDelegate.swift in Sources */,
				38B30C68237F2096005DA93F /* SceneDelegate.swift in Sources */,
			);
			runOnlyForDeploymentPostprocessing = 0;
		};
/* End PBXSourcesBuildPhase section */

/* Begin PBXVariantGroup section */
		38B30C6B237F2096005DA93F /* Main.storyboard */ = {
			isa = PBXVariantGroup;
			children = (
				38B30C6C237F2096005DA93F /* Base */,
			);
			name = Main.storyboard;
			sourceTree = "<group>";
		};
		38B30C70237F2096005DA93F /* LaunchScreen.storyboard */ = {
			isa = PBXVariantGroup;
			children = (
				38B30C71237F2096005DA93F /* Base */,
			);
			name = LaunchScreen.storyboard;
			sourceTree = "<group>";
		};
/* End PBXVariantGroup section */

/* Begin XCBuildConfiguration section */
		38B30C74237F2096005DA93F /* Debug */ = {
			isa = XCBuildConfiguration;
			buildSettings = {
				ALWAYS_SEARCH_USER_PATHS = NO;
				CLANG_ANALYZER_NONNULL = YES;
				CLANG_ANALYZER_NUMBER_OBJECT_CONVERSION = YES_AGGRESSIVE;
				CLANG_CXX_LANGUAGE_STANDARD = "gnu++14";
				CLANG_CXX_LIBRARY = "libc++";
				CLANG_ENABLE_MODULES = YES;
				CLANG_ENABLE_OBJC_ARC = YES;
				CLANG_ENABLE_OBJC_WEAK = YES;
				CLANG_WARN_BLOCK_CAPTURE_AUTORELEASING = YES;
				CLANG_WARN_BOOL_CONVERSION = YES;
				CLANG_WARN_COMMA = YES;
				CLANG_WARN_CONSTANT_CONVERSION = YES;
				CLANG_WARN_DEPRECATED_OBJC_IMPLEMENTATIONS = YES;
				CLANG_WARN_DIRECT_OBJC_ISA_USAGE = YES_ERROR;
				CLANG_WARN_DOCUMENTATION_COMMENTS = YES;
				CLANG_WARN_EMPTY_BODY = YES;
				CLANG_WARN_ENUM_CONVERSION = YES;
				CLANG_WARN_INFINITE_RECURSION = YES;
				CLANG_WARN_INT_CONVERSION = YES;
				CLANG_WARN_NON_LITERAL_NULL_CONVERSION = YES;
				CLANG_WARN_OBJC_IMPLICIT_RETAIN_SELF = YES;
				CLANG_WARN_OBJC_LITERAL_CONVERSION = YES;
				CLANG_WARN_OBJC_ROOT_CLASS = YES_ERROR;
				CLANG_WARN_RANGE_LOOP_ANALYSIS = YES;
				CLANG_WARN_STRICT_PROTOTYPES = YES;
				CLANG_WARN_SUSPICIOUS_MOVE = YES;
				CLANG_WARN_UNGUARDED_AVAILABILITY = YES_AGGRESSIVE;
				CLANG_WARN_UNREACHABLE_CODE = YES;
				CLANG_WARN__DUPLICATE_METHOD_MATCH = YES;
				COPY_PHASE_STRIP = NO;
				DEBUG_INFORMATION_FORMAT = dwarf;
				ENABLE_STRICT_OBJC_MSGSEND = YES;
				ENABLE_TESTABILITY = YES;
				GCC_C_LANGUAGE_STANDARD = gnu11;
				GCC_DYNAMIC_NO_PIC = NO;
				GCC_NO_COMMON_BLOCKS = YES;
				GCC_OPTIMIZATION_LEVEL = 0;
				GCC_PREPROCESSOR_DEFINITIONS = (
					"DEBUG=1",
					"$(inherited)",
				);
				GCC_WARN_64_TO_32_BIT_CONVERSION = YES;
				GCC_WARN_ABOUT_RETURN_TYPE = YES_ERROR;
				GCC_WARN_UNDECLARED_SELECTOR = YES;
				GCC_WARN_UNINITIALIZED_AUTOS = YES_AGGRESSIVE;
				GCC_WARN_UNUSED_FUNCTION = YES;
				GCC_WARN_UNUSED_VARIABLE = YES;
				IPHONEOS_DEPLOYMENT_TARGET = 13.2;
				MTL_ENABLE_DEBUG_INFO = INCLUDE_SOURCE;
				MTL_FAST_MATH = YES;
				ONLY_ACTIVE_ARCH = YES;
				SDKROOT = iphoneos;
				SWIFT_ACTIVE_COMPILATION_CONDITIONS = DEBUG;
				SWIFT_OPTIMIZATION_LEVEL = "-Onone";
			};
			name = Debug;
		};
		38B30C75237F2096005DA93F /* Release */ = {
			isa = XCBuildConfiguration;
			buildSettings = {
				ALWAYS_SEARCH_USER_PATHS = NO;
				CLANG_ANALYZER_NONNULL = YES;
				CLANG_ANALYZER_NUMBER_OBJECT_CONVERSION = YES_AGGRESSIVE;
				CLANG_CXX_LANGUAGE_STANDARD = "gnu++14";
				CLANG_CXX_LIBRARY = "libc++";
				CLANG_ENABLE_MODULES = YES;
				CLANG_ENABLE_OBJC_ARC = YES;
				CLANG_ENABLE_OBJC_WEAK = YES;
				CLANG_WARN_BLOCK_CAPTURE_AUTORELEASING = YES;
				CLANG_WARN_BOOL_CONVERSION = YES;
				CLANG_WARN_COMMA = YES;
				CLANG_WARN_CONSTANT_CONVERSION = YES;
				CLANG_WARN_DEPRECATED_OBJC_IMPLEMENTATIONS = YES;
				CLANG_WARN_DIRECT_OBJC_ISA_USAGE = YES_ERROR;
				CLANG_WARN_DOCUMENTATION_COMMENTS = YES;
				CLANG_WARN_EMPTY_BODY = YES;
				CLANG_WARN_ENUM_CONVERSION = YES;
				CLANG_WARN_INFINITE_RECURSION = YES;
				CLANG_WARN_INT_CONVERSION = YES;
				CLANG_WARN_NON_LITERAL_NULL_CONVERSION = YES;
				CLANG_WARN_OBJC_IMPLICIT_RETAIN_SELF = YES;
				CLANG_WARN_OBJC_LITERAL_CONVERSION = YES;
				CLANG_WARN_OBJC_ROOT_CLASS = YES_ERROR;
				CLANG_WARN_RANGE_LOOP_ANALYSIS = YES;
				CLANG_WARN_STRICT_PROTOTYPES = YES;
				CLANG_WARN_SUSPICIOUS_MOVE = YES;
				CLANG_WARN_UNGUARDED_AVAILABILITY = YES_AGGRESSIVE;
				CLANG_WARN_UNREACHABLE_CODE = YES;
				CLANG_WARN__DUPLICATE_METHOD_MATCH = YES;
				COPY_PHASE_STRIP = NO;
				DEBUG_INFORMATION_FORMAT = "dwarf-with-dsym";
				ENABLE_NS_ASSERTIONS = NO;
				ENABLE_STRICT_OBJC_MSGSEND = YES;
				GCC_C_LANGUAGE_STANDARD = gnu11;
				GCC_NO_COMMON_BLOCKS = YES;
				GCC_WARN_64_TO_32_BIT_CONVERSION = YES;
				GCC_WARN_ABOUT_RETURN_TYPE = YES_ERROR;
				GCC_WARN_UNDECLARED_SELECTOR = YES;
				GCC_WARN_UNINITIALIZED_AUTOS = YES_AGGRESSIVE;
				GCC_WARN_UNUSED_FUNCTION = YES;
				GCC_WARN_UNUSED_VARIABLE = YES;
				IPHONEOS_DEPLOYMENT_TARGET = 13.2;
				MTL_ENABLE_DEBUG_INFO = NO;
				MTL_FAST_MATH = YES;
				SDKROOT = iphoneos;
				SWIFT_COMPILATION_MODE = wholemodule;
				SWIFT_OPTIMIZATION_LEVEL = "-O";
				VALIDATE_PRODUCT = YES;
			};
			name = Release;
		};
		38B30C77237F2096005DA93F /* Debug */ = {
			isa = XCBuildConfiguration;
			buildSettings = {
				ASSETCATALOG_COMPILER_APPICON_NAME = AppIcon;
				CODE_SIGN_STYLE = Automatic;
				DEVELOPMENT_TEAM = 88FS6F8B93;
				INFOPLIST_FILE = HobbyTracker_IOSPT4/Info.plist;
				LD_RUNPATH_SEARCH_PATHS = (
					"$(inherited)",
					"@executable_path/Frameworks",
				);
				PRODUCT_BUNDLE_IDENTIFIER = "com.davidWilliams.HobbyTracker-IOSPT4";
				PRODUCT_NAME = "$(TARGET_NAME)";
				SWIFT_VERSION = 5.0;
				TARGETED_DEVICE_FAMILY = "1,2";
			};
			name = Debug;
		};
		38B30C78237F2096005DA93F /* Release */ = {
			isa = XCBuildConfiguration;
			buildSettings = {
				ASSETCATALOG_COMPILER_APPICON_NAME = AppIcon;
				CODE_SIGN_STYLE = Automatic;
				DEVELOPMENT_TEAM = 88FS6F8B93;
				INFOPLIST_FILE = HobbyTracker_IOSPT4/Info.plist;
				LD_RUNPATH_SEARCH_PATHS = (
					"$(inherited)",
					"@executable_path/Frameworks",
				);
				PRODUCT_BUNDLE_IDENTIFIER = "com.davidWilliams.HobbyTracker-IOSPT4";
				PRODUCT_NAME = "$(TARGET_NAME)";
				SWIFT_VERSION = 5.0;
				TARGETED_DEVICE_FAMILY = "1,2";
			};
			name = Release;
		};
/* End XCBuildConfiguration section */

/* Begin XCConfigurationList section */
		38B30C5D237F2096005DA93F /* Build configuration list for PBXProject "HobbyTracker_IOSPT4" */ = {
			isa = XCConfigurationList;
			buildConfigurations = (
				38B30C74237F2096005DA93F /* Debug */,
				38B30C75237F2096005DA93F /* Release */,
			);
			defaultConfigurationIsVisible = 0;
			defaultConfigurationName = Release;
		};
		38B30C76237F2096005DA93F /* Build configuration list for PBXNativeTarget "HobbyTracker_IOSPT4" */ = {
			isa = XCConfigurationList;
			buildConfigurations = (
				38B30C77237F2096005DA93F /* Debug */,
				38B30C78237F2096005DA93F /* Release */,
			);
			defaultConfigurationIsVisible = 0;
			defaultConfigurationName = Release;
		};
/* End XCConfigurationList section */
	};
	rootObject = 38B30C5A237F2096005DA93F /* Project object */;
}
